{
  "pins" : [
    {
      "identity" : "anyformatkit",
      "kind" : "remoteSourceControl",
      "location" : "https://github.com/luximetr/AnyFormatKit",
      "state" : {
        "revision" : "ae3a965164005b07f81d6aa066520d7ad14ea54e",
        "version" : "2.5.2"
      }
    },
    {
      "identity" : "bigint",
      "kind" : "remoteSourceControl",
      "location" : "https://github.com/attaswift/BigInt",
      "state" : {
        "revision" : "0ed110f7555c34ff468e72e1686e59721f2b0da6",
        "version" : "5.3.0"
      }
    },
    {
      "identity" : "charts",
      "kind" : "remoteSourceControl",
      "location" : "https://github.com/danielgindi/Charts",
      "state" : {
        "revision" : "0a229f8c914b0ec93798cee058cf75b339297513",
        "version" : "5.0.0"
      }
    },
    {
      "identity" : "core-swift",
      "kind" : "remoteSourceControl",
      "location" : "https://github.com/tonkeeper/core-swift",
      "state" : {
        "branch" : "develop",
        "revision" : "39569e62742fb712a1e0d8fe72a8a47b07ff4caa"
      }
    },
    {
      "identity" : "kingfisher",
      "kind" : "remoteSourceControl",
      "location" : "https://github.com/onevcat/Kingfisher",
      "state" : {
        "revision" : "c1f60c63f356d364f4284ba82961acbe7de79bcc",
        "version" : "7.8.1"
      }
    },
    {
      "identity" : "lottie-spm",
      "kind" : "remoteSourceControl",
      "location" : "https://github.com/airbnb/lottie-spm.git",
      "state" : {
        "revision" : "60ea4f82fba8b4cb21a75665a889e86ed4d81c6e",
        "version" : "4.2.0"
      }
    },
    {
      "identity" : "swift-http-types",
      "kind" : "remoteSourceControl",
      "location" : "https://github.com/apple/swift-http-types",
      "state" : {
        "revision" : "99d066e29effa8845e4761dd3f2f831edfdf8925",
        "version" : "1.0.0"
      }
    },
    {
      "identity" : "swift-openapi-runtime",
      "kind" : "remoteSourceControl",
      "location" : "https://github.com/apple/swift-openapi-runtime",
      "state" : {
        "revision" : "d5aa7ce0c1d7d0e90ea810189e9f9f0022aa069e",
        "version" : "0.3.4"
      }
    },
    {
      "identity" : "ton-api-swift",
      "kind" : "remoteSourceControl",
      "location" : "https://github.com/tonkeeper/ton-api-swift",
      "state" : {
        "revision" : "56d2d4f693d03f13833a36457bdcd481e14c261d",
        "version" : "0.1.1"
      }
    },
    {
      "identity" : "ton-swift",
      "kind" : "remoteSourceControl",
      "location" : "https://github.com/tonkeeper/ton-swift",
      "state" : {
        "branch" : "feature/nft_transfer",
        "revision" : "20c17ee92b85bcdd4a78c2eb0467fcd6de5f7698"
      }
    },
    {
      "identity" : "tweetnacl-swiftwrap",
      "kind" : "remoteSourceControl",
      "location" : "https://github.com/bitmark-inc/tweetnacl-swiftwrap",
      "state" : {
        "revision" : "f8fd111642bf2336b11ef9ea828510693106e954",
        "version" : "1.1.0"
      }
    }
  ],
  "version" : 2
}
