{
  "object": {
    "pins": [
      {
        "package": "abseil",
        "repositoryURL": "https://github.com/google/abseil-cpp-binary.git",
        "state": {
          "branch": null,
          "revision": "748c7837511d0e6a507737353af268484e1745e2",
          "version": "1.2024011601.1"
        }
      },
      {
        "package": "AnyFormatKit",
        "repositoryURL": "https://github.com/luximetr/AnyFormatKit",
        "state": {
          "branch": null,
          "revision": "ae3a965164005b07f81d6aa066520d7ad14ea54e",
          "version": "2.5.2"
        }
      },
      {
        "package": "AppCheck",
        "repositoryURL": "https://github.com/google/app-check.git",
        "state": {
          "branch": null,
          "revision": "076b241a625e25eac22f8849be256dfb960fcdfe",
          "version": "10.19.1"
        }
      },
      {
        "package": "BigInt",
        "repositoryURL": "https://github.com/attaswift/BigInt",
        "state": {
          "branch": null,
          "revision": "0ed110f7555c34ff468e72e1686e59721f2b0da6",
          "version": "5.3.0"
        }
      },
      {
        "package": "DGCharts",
        "repositoryURL": "https://github.com/danielgindi/Charts",
        "state": {
          "branch": null,
          "revision": "dd9c72e3d7e751e769971092a6bd72d39198ae63",
          "version": "5.1.0"
        }
      },
      {
        "package": "Firebase",
        "repositoryURL": "https://github.com/firebase/firebase-ios-sdk",
        "state": {
          "branch": null,
          "revision": "9d17b500cd98d9a7009751ad62f802e152e97021",
          "version": "10.26.0"
        }
      },
      {
        "package": "GoogleAppMeasurement",
        "repositoryURL": "https://github.com/google/GoogleAppMeasurement.git",
        "state": {
          "branch": null,
          "revision": "16244d177c4e989f87b25e9db1012b382cfedc55",
          "version": "10.25.0"
        }
      },
      {
        "package": "GoogleDataTransport",
        "repositoryURL": "https://github.com/google/GoogleDataTransport.git",
        "state": {
          "branch": null,
          "revision": "a637d318ae7ae246b02d7305121275bc75ed5565",
          "version": "9.4.0"
        }
      },
      {
        "package": "GoogleUtilities",
        "repositoryURL": "https://github.com/google/GoogleUtilities.git",
        "state": {
          "branch": null,
          "revision": "57a1d307f42df690fdef2637f3e5b776da02aad6",
          "version": "7.13.3"
        }
      },
      {
        "package": "gRPC",
        "repositoryURL": "https://github.com/google/grpc-binary.git",
        "state": {
          "branch": null,
          "revision": "e9fad491d0673bdda7063a0341fb6b47a30c5359",
          "version": "1.62.2"
        }
      },
      {
        "package": "GTMSessionFetcher",
        "repositoryURL": "https://github.com/google/gtm-session-fetcher.git",
        "state": {
          "branch": null,
          "revision": "0382ca27f22fb3494cf657d8dc356dc282cd1193",
          "version": "3.4.1"
        }
      },
      {
        "package": "InteropForGoogle",
        "repositoryURL": "https://github.com/google/interop-ios-for-google-sdks.git",
        "state": {
          "branch": null,
          "revision": "2d12673670417654f08f5f90fdd62926dc3a2648",
          "version": "100.0.0"
        }
      },
      {
        "package": "Kingfisher",
        "repositoryURL": "https://github.com/onevcat/Kingfisher",
        "state": {
          "branch": null,
          "revision": "5b92f029fab2cce44386d28588098b5be0824ef5",
          "version": "7.11.0"
        }
      },
      {
        "package": "leveldb",
        "repositoryURL": "https://github.com/firebase/leveldb.git",
        "state": {
          "branch": null,
          "revision": "a0bc79961d7be727d258d33d5a6b2f1023270ba1",
          "version": "1.22.5"
        }
      },
      {
        "package": "Lottie",
        "repositoryURL": "https://github.com/airbnb/lottie-spm.git",
        "state": {
          "branch": null,
          "revision": "1d29eccc24cc8b75bff9f6804155112c0ffc9605",
          "version": "4.4.3"
        }
      },
      {
        "package": "nanopb",
        "repositoryURL": "https://github.com/firebase/nanopb.git",
        "state": {
          "branch": null,
          "revision": "b7e1104502eca3a213b46303391ca4d3bc8ddec1",
          "version": "2.30910.0"
        }
      },
      {
        "package": "Promises",
        "repositoryURL": "https://github.com/google/promises.git",
        "state": {
          "branch": null,
          "revision": "540318ecedd63d883069ae7f1ed811a2df00b6ac",
          "version": "2.4.0"
        }
      },
      {
        "package": "SnapKit",
        "repositoryURL": "https://github.com/SnapKit/SnapKit.git",
        "state": {
          "branch": null,
          "revision": "2842e6e84e82eb9a8dac0100ca90d9444b0307f4",
          "version": "5.7.1"
        }
      },
      {
        "package": "swift-http-types",
        "repositoryURL": "https://github.com/apple/swift-http-types",
        "state": {
          "branch": null,
          "revision": "12358d55a3824bd5fed310b999ea8cf83a9a1a65",
          "version": "1.0.3"
        }
      },
      {
        "package": "swift-openapi-runtime",
        "repositoryURL": "https://github.com/apple/swift-openapi-runtime",
        "state": {
          "branch": null,
          "revision": "a51b3bd6f2151e9a6f792ca6937a7242c4758768",
          "version": "0.3.6"
        }
      },
      {
        "package": "SwiftProtobuf",
        "repositoryURL": "https://github.com/apple/swift-protobuf.git",
        "state": {
          "branch": null,
          "revision": "9f0c76544701845ad98716f3f6a774a892152bcb",
          "version": "1.26.0"
        }
      },
      {
        "package": "TonAPI",
        "repositoryURL": "https://github.com/tonkeeper/ton-api-swift",
        "state": {
          "branch": null,
          "revision": "1988939fe0ce6db6bc587cfe7c9d15dc3bca1d69",
          "version": "0.1.5"
        }
      },
      {
        "package": "TweetNacl",
        "repositoryURL": "https://github.com/bitmark-inc/tweetnacl-swiftwrap",
        "state": {
          "branch": null,
          "revision": "f8fd111642bf2336b11ef9ea828510693106e954",
          "version": "1.1.0"
        }
      }
    ]
  },
  "version": 1
}
